
Microsoft Visual Studio Solution File, Format Version 12.00
# Visual Studio Version 17
VisualStudioVersion = 17.1.32421.90
MinimumVisualStudioVersion = 10.0.40219.1
Project("{FAE04EC0-301F-11D3-BF4B-00C04F79EFBC}") = "QandA", "QandA.csproj", "{046013E3-B9CF-4D0E-A395-99C4EA2A5F55}"
EndProject
Global
	GlobalSection(SolutionConfigurationPlatforms) = preSolution
		Debug|Any CPU = Debug|Any CPU
		Release|Any CPU = Release|Any CPU
	EndGlobalSection
	GlobalSection(ProjectConfigurationPlatforms) = postSolution
		{046013E3-B9CF-4D0E-A395-99C4EA2A5F55}.Debug|Any CPU.ActiveCfg = Debug|Any CPU
		{046013E3-B9CF-4D0E-A395-99C4EA2A5F55}.Debug|Any CPU.Build.0 = Debug|Any CPU
		{046013E3-B9CF-4D0E-A395-99C4EA2A5F55}.Release|Any CPU.ActiveCfg = Release|Any CPU
		{046013E3-B9CF-4D0E-A395-99C4EA2A5F55}.Release|Any CPU.Build.0 = Release|Any CPU
	EndGlobalSection
	GlobalSection(SolutionProperties) = preSolution
		HideSolutionNode = FALSE
	EndGlobalSection
	GlobalSection(ExtensibilityGlobals) = postSolution
		SolutionGuid = {B6FF6A99-A131-433B-9A7A-86A09F855C7D}
	EndGlobalSection
EndGlobal
